{
  "name": "project-university",
  "lockfileVersion": 3,
  "requires": true,
  "packages": {
    "": {
      "dependencies": {
        "thai-address-select": "^1.0.5"
      }
    },
    "node_modules/thai-address-select": {
      "version": "1.0.5",
      "resolved": "https://registry.npmjs.org/thai-address-select/-/thai-address-select-1.0.5.tgz",
      "integrity": "sha512-lLOQisNnYI1G0HADvGbbR27o7roxesh7YL9inHkH0gPKbasgBGRHWl/eAcqEi00skKjw6IBl5zBAvYp2EMiBLw==",
      "license": "MIT",
      "dependencies": {
        "thai-address-select": "^1.0.2"
      }
    }
  }
}
